
Microsoft Visual Studio Solution File, Format Version 12.00
# Visual Studio Version 17
VisualStudioVersion = 17.10.35004.147
MinimumVisualStudioVersion = 10.0.40219.1
Project("{FAE04EC0-301F-11D3-BF4B-00C04F79EFBC}") = "Assembly-CSharp", "Assembly-CSharp.csproj", "{30F955C8-8E61-7A0F-C0A7-044FF2873008}"
EndProject
Global
	GlobalSection(SolutionConfigurationPlatforms) = preSolution
		Debug|Any CPU = Debug|Any CPU
		Release|Any CPU = Release|Any CPU
	EndGlobalSection
	GlobalSection(ProjectConfigurationPlatforms) = postSolution
		{30F955C8-8E61-7A0F-C0A7-044FF2873008}.Debug|Any CPU.ActiveCfg = Debug|Any CPU
		{30F955C8-8E61-7A0F-C0A7-044FF2873008}.Debug|Any CPU.Build.0 = Debug|Any CPU
		{30F955C8-8E61-7A0F-C0A7-044FF2873008}.Release|Any CPU.ActiveCfg = Release|Any CPU
		{30F955C8-8E61-7A0F-C0A7-044FF2873008}.Release|Any CPU.Build.0 = Release|Any CPU
	EndGlobalSection
	GlobalSection(SolutionProperties) = preSolution
		HideSolutionNode = FALSE
	EndGlobalSection
	GlobalSection(ExtensibilityGlobals) = postSolution
		SolutionGuid = {FD638BF6-2E65-4195-B6AD-D006BF6E80DE}
	EndGlobalSection
EndGlobal
